{
    "version": 3,
    "terraform_version": "0.11.10",
    "serial": 61,
    "lineage": "3f73fdb6-f24f-4bdc-9d86-fe4b670b55a5",
    "modules": [
        {
            "path": [
                "root"
            ],
            "outputs": {},
            "resources": {
                "data.external.swarm_join_token": {
                    "type": "external",
                    "depends_on": [
                        "digitalocean_droplet.docker_swarm_manager"
                    ],
                    "primary": {
                        "id": "-",
                        "attributes": {
                            "id": "-",
                            "program.#": "1",
                            "program.0": "./get-join-tokens.sh",
                            "query.%": "1",
                            "query.host": "68.183.215.43",
                            "result.%": "2",
                            "result.manager": "SWMTKN-1-4qmww6m18mouyriz5asnmflbx7yl32ares7ikz25e4u64otnbc-27y53qwriccg9ggjx94hhu3kz",
                            "result.worker": "SWMTKN-1-4qmww6m18mouyriz5asnmflbx7yl32ares7ikz25e4u64otnbc-20pzj0unx2naihnnyitkmj561"
                        },
                        "meta": {},
                        "tainted": false
                    },
                    "deposed": [],
                    "provider": "provider.external"
                },
                "digitalocean_droplet.docker-swarm-worker-1": {
                    "type": "digitalocean_droplet",
                    "depends_on": [
                        "data.external.swarm_join_token",
                        "digitalocean_droplet.docker_swarm_manager"
                    ],
                    "primary": {
                        "id": "123355176",
                        "attributes": {
                            "disk": "80",
                            "id": "123355176",
                            "image": "ubuntu-18-04-x64",
                            "ipv4_address": "104.248.254.58",
                            "ipv4_address_private": "10.135.132.103",
                            "locked": "false",
                            "name": "waves-voting-staging-docker-worker-1",
                            "price_hourly": "0.02976",
                            "price_monthly": "20",
                            "private_networking": "true",
                            "region": "fra1",
                            "resize_disk": "true",
                            "size": "s-2vcpu-4gb",
                            "ssh_keys.#": "1",
                            "ssh_keys.0": "f8:c0:3b:c3:61:0e:7e:bd:7a:08:6f:c2:88:19:0b:43",
                            "status": "active",
                            "tags.#": "1",
                            "tags.0": "staging",
                            "vcpus": "2"
                        },
                        "meta": {},
                        "tainted": false
                    },
                    "deposed": [],
                    "provider": "provider.digitalocean"
                },
                "digitalocean_droplet.docker-swarm-worker-2": {
                    "type": "digitalocean_droplet",
                    "depends_on": [
                        "data.external.swarm_join_token",
                        "digitalocean_droplet.docker_swarm_manager"
                    ],
                    "primary": {
                        "id": "123355177",
                        "attributes": {
                            "disk": "80",
                            "id": "123355177",
                            "image": "ubuntu-18-04-x64",
                            "ipv4_address": "104.248.253.166",
                            "ipv4_address_private": "10.135.132.123",
                            "locked": "false",
                            "name": "waves-voting-staging-docker-worker-2",
                            "price_hourly": "0.02976",
                            "price_monthly": "20",
                            "private_networking": "true",
                            "region": "fra1",
                            "resize_disk": "true",
                            "size": "s-2vcpu-4gb",
                            "ssh_keys.#": "1",
                            "ssh_keys.0": "f8:c0:3b:c3:61:0e:7e:bd:7a:08:6f:c2:88:19:0b:43",
                            "status": "active",
                            "tags.#": "1",
                            "tags.0": "staging",
                            "vcpus": "2"
                        },
                        "meta": {},
                        "tainted": false
                    },
                    "deposed": [],
                    "provider": "provider.digitalocean"
                },
                "digitalocean_droplet.docker_swarm_manager": {
                    "type": "digitalocean_droplet",
                    "depends_on": [],
                    "primary": {
                        "id": "123354665",
                        "attributes": {
                            "disk": "80",
                            "id": "123354665",
                            "image": "ubuntu-18-04-x64",
                            "ipv4_address": "68.183.215.43",
                            "ipv4_address_private": "10.135.120.45",
                            "locked": "false",
                            "name": "waves-voting-staging-docker-manager",
                            "price_hourly": "0.02976",
                            "price_monthly": "20",
                            "private_networking": "true",
                            "region": "fra1",
                            "resize_disk": "true",
                            "size": "s-2vcpu-4gb",
                            "ssh_keys.#": "1",
                            "ssh_keys.0": "f8:c0:3b:c3:61:0e:7e:bd:7a:08:6f:c2:88:19:0b:43",
                            "status": "active",
                            "tags.#": "1",
                            "tags.0": "staging",
                            "vcpus": "2"
                        },
                        "meta": {},
                        "tainted": false
                    },
                    "deposed": [],
                    "provider": "provider.digitalocean"
                },
                "digitalocean_droplet.gitlab-runner": {
                    "type": "digitalocean_droplet",
                    "depends_on": [],
                    "primary": {
                        "id": "123125922",
                        "attributes": {
                            "disk": "80",
                            "id": "123125922",
                            "image": "ubuntu-18-04-x64",
                            "ipv4_address": "104.248.39.65",
                            "ipv4_address_private": "10.135.6.249",
                            "locked": "false",
                            "name": "gitlab-runner",
                            "price_hourly": "0.02976",
                            "price_monthly": "20",
                            "private_networking": "true",
                            "region": "fra1",
                            "resize_disk": "true",
                            "size": "s-2vcpu-4gb",
                            "ssh_keys.#": "1",
                            "ssh_keys.0": "f8:c0:3b:c3:61:0e:7e:bd:7a:08:6f:c2:88:19:0b:43",
                            "status": "active",
                            "tags.#": "0",
                            "vcpus": "2"
                        },
                        "meta": {},
                        "tainted": false
                    },
                    "deposed": [],
                    "provider": "provider.digitalocean"
                },
                "digitalocean_loadbalancer.staging-lb": {
                    "type": "digitalocean_loadbalancer",
                    "depends_on": [],
                    "primary": {
                        "id": "a8be7630-4d2c-48b0-a299-aa31983bb425",
                        "attributes": {
                            "algorithm": "round_robin",
                            "droplet_ids.#": "0",
                            "droplet_tag": "staging",
                            "forwarding_rule.#": "1",
                            "forwarding_rule.0.certificate_id": "",
                            "forwarding_rule.0.entry_port": "80",
                            "forwarding_rule.0.entry_protocol": "http",
                            "forwarding_rule.0.target_port": "80",
                            "forwarding_rule.0.target_protocol": "http",
                            "forwarding_rule.0.tls_passthrough": "false",
                            "healthcheck.#": "1",
                            "healthcheck.0.check_interval_seconds": "10",
                            "healthcheck.0.healthy_threshold": "5",
                            "healthcheck.0.path": "health",
                            "healthcheck.0.port": "80",
                            "healthcheck.0.protocol": "http",
                            "healthcheck.0.response_timeout_seconds": "5",
                            "healthcheck.0.unhealthy_threshold": "3",
                            "id": "a8be7630-4d2c-48b0-a299-aa31983bb425",
                            "ip": "165.227.244.175",
                            "name": "staging-loadbalancer-1",
                            "redirect_http_to_https": "false",
                            "region": "fra1",
                            "sticky_sessions.#": "1",
                            "sticky_sessions.0.cookie_name": "",
                            "sticky_sessions.0.cookie_ttl_seconds": "0",
                            "sticky_sessions.0.type": "none"
                        },
                        "meta": {},
                        "tainted": false
                    },
                    "deposed": [],
                    "provider": "provider.digitalocean"
                },
                "digitalocean_ssh_key.default": {
                    "type": "digitalocean_ssh_key",
                    "depends_on": [],
                    "primary": {
                        "id": "14610352",
                        "attributes": {
                            "fingerprint": "f8:c0:3b:c3:61:0e:7e:bd:7a:08:6f:c2:88:19:0b:43",
                            "id": "14610352",
                            "name": "Eugene's MacBook",
                            "public_key": "ssh-rsa AAAAB3NzaC1yc2EAAAADAQABAAABAQC6Wl4WLi4OTDjy5IkoEEcrdlmzaNZ1DdrvG51YIBsK0QlaHYCozTM7/oYV+LOfmp8/pdIbqcjlMTe4Fb45tuAhAhB2ynVoSBdMBDTXVMZo6KtX7JQ+vsqB+BfdxL251hjgZoTNuzeTiWpx4JfbfQmOZGsn9qHOk1FkFyR+Os+Dqv6iSM3CyxHrmFhW3Xk74G40DihEaTyvP7CT3d9k10VO4c9swDE+KBXQZRrYIlD9E81laBR2dqNt564rtH1Mf0QlkcABiohL/mHWe2Rmv56a2/3XkwzP+MS3l6ZSXDn660kxA1vuY1zyCXDPa+6eHA/puvMdMpuJPa9M67f2c9uT eugenegrebennikov@Eugenes-MacBook-Pro.local"
                        },
                        "meta": {},
                        "tainted": false
                    },
                    "deposed": [],
                    "provider": "provider.digitalocean"
                }
            },
            "depends_on": []
        }
    ]
}
